// !$*UTF8*$!
{
	archiveVersion = 1;
	classes = {
	};
	objectVersion = 56;
	objects = {

/* Begin PBXBuildFile section */
		0F8645CA29C8C96700CE161D /* swiftui_marvelApp.swift in Sources */ = {isa = PBXBuildFile; fileRef = 0F8645C929C8C96700CE161D /* swiftui_marvelApp.swift */; };
		0F8645CE29C8C96700CE161D /* Assets.xcassets in Resources */ = {isa = PBXBuildFile; fileRef = 0F8645CD29C8C96700CE161D /* Assets.xcassets */; };
		0F8645D129C8C96700CE161D /* Preview Assets.xcassets in Resources */ = {isa = PBXBuildFile; fileRef = 0F8645D029C8C96700CE161D /* Preview Assets.xcassets */; };
		0F8645DB29C8C96700CE161D /* swiftui_marvelTests.swift in Sources */ = {isa = PBXBuildFile; fileRef = 0F8645DA29C8C96700CE161D /* swiftui_marvelTests.swift */; };
		0F8645E529C8C96700CE161D /* swiftui_marvelUITests.swift in Sources */ = {isa = PBXBuildFile; fileRef = 0F8645E429C8C96700CE161D /* swiftui_marvelUITests.swift */; };
		0F8645E729C8C96700CE161D /* swiftui_marvelUITestsLaunchTests.swift in Sources */ = {isa = PBXBuildFile; fileRef = 0F8645E629C8C96700CE161D /* swiftui_marvelUITestsLaunchTests.swift */; };
		0F8645F529C8D6C200CE161D /* JSONParser.swift in Sources */ = {isa = PBXBuildFile; fileRef = 0F8645F429C8D6C200CE161D /* JSONParser.swift */; };
		0F8645F729C8D70500CE161D /* APIError.swift in Sources */ = {isa = PBXBuildFile; fileRef = 0F8645F629C8D70500CE161D /* APIError.swift */; };
		0F8645F929C8D76E00CE161D /* FetchAPI.swift in Sources */ = {isa = PBXBuildFile; fileRef = 0F8645F829C8D76E00CE161D /* FetchAPI.swift */; };
		0F8645FD29C8D81400CE161D /* CharacterListView.swift in Sources */ = {isa = PBXBuildFile; fileRef = 0F8645FC29C8D81400CE161D /* CharacterListView.swift */; };
		0F86460129C8DAE100CE161D /* CharacterListViewModel.swift in Sources */ = {isa = PBXBuildFile; fileRef = 0F86460029C8DAE100CE161D /* CharacterListViewModel.swift */; };
		0F86460329C8DCDB00CE161D /* CharacterModel.swift in Sources */ = {isa = PBXBuildFile; fileRef = 0F86460229C8DCDB00CE161D /* CharacterModel.swift */; };
		0F86460529C9D10100CE161D /* CharactersAPI.swift in Sources */ = {isa = PBXBuildFile; fileRef = 0F86460429C9D10100CE161D /* CharactersAPI.swift */; };
/* End PBXBuildFile section */

/* Begin PBXContainerItemProxy section */
		0F8645D729C8C96700CE161D /* PBXContainerItemProxy */ = {
			isa = PBXContainerItemProxy;
			containerPortal = 0F8645BE29C8C96700CE161D /* Project object */;
			proxyType = 1;
			remoteGlobalIDString = 0F8645C529C8C96700CE161D;
			remoteInfo = "swiftui-marvel";
		};
		0F8645E129C8C96700CE161D /* PBXContainerItemProxy */ = {
			isa = PBXContainerItemProxy;
			containerPortal = 0F8645BE29C8C96700CE161D /* Project object */;
			proxyType = 1;
			remoteGlobalIDString = 0F8645C529C8C96700CE161D;
			remoteInfo = "swiftui-marvel";
		};
/* End PBXContainerItemProxy section */

/* Begin PBXFileReference section */
		0F8645C629C8C96700CE161D /* swiftui-marvel.app */ = {isa = PBXFileReference; explicitFileType = wrapper.application; includeInIndex = 0; path = "swiftui-marvel.app"; sourceTree = BUILT_PRODUCTS_DIR; };
		0F8645C929C8C96700CE161D /* swiftui_marvelApp.swift */ = {isa = PBXFileReference; lastKnownFileType = sourcecode.swift; path = swiftui_marvelApp.swift; sourceTree = "<group>"; };
		0F8645CD29C8C96700CE161D /* Assets.xcassets */ = {isa = PBXFileReference; lastKnownFileType = folder.assetcatalog; path = Assets.xcassets; sourceTree = "<group>"; };
		0F8645D029C8C96700CE161D /* Preview Assets.xcassets */ = {isa = PBXFileReference; lastKnownFileType = folder.assetcatalog; path = "Preview Assets.xcassets"; sourceTree = "<group>"; };
		0F8645D629C8C96700CE161D /* swiftui-marvelTests.xctest */ = {isa = PBXFileReference; explicitFileType = wrapper.cfbundle; includeInIndex = 0; path = "swiftui-marvelTests.xctest"; sourceTree = BUILT_PRODUCTS_DIR; };
		0F8645DA29C8C96700CE161D /* swiftui_marvelTests.swift */ = {isa = PBXFileReference; lastKnownFileType = sourcecode.swift; path = swiftui_marvelTests.swift; sourceTree = "<group>"; };
		0F8645E029C8C96700CE161D /* swiftui-marvelUITests.xctest */ = {isa = PBXFileReference; explicitFileType = wrapper.cfbundle; includeInIndex = 0; path = "swiftui-marvelUITests.xctest"; sourceTree = BUILT_PRODUCTS_DIR; };
		0F8645E429C8C96700CE161D /* swiftui_marvelUITests.swift */ = {isa = PBXFileReference; lastKnownFileType = sourcecode.swift; path = swiftui_marvelUITests.swift; sourceTree = "<group>"; };
		0F8645E629C8C96700CE161D /* swiftui_marvelUITestsLaunchTests.swift */ = {isa = PBXFileReference; lastKnownFileType = sourcecode.swift; path = swiftui_marvelUITestsLaunchTests.swift; sourceTree = "<group>"; };
		0F8645F429C8D6C200CE161D /* JSONParser.swift */ = {isa = PBXFileReference; lastKnownFileType = sourcecode.swift; path = JSONParser.swift; sourceTree = "<group>"; };
		0F8645F629C8D70500CE161D /* APIError.swift */ = {isa = PBXFileReference; lastKnownFileType = sourcecode.swift; path = APIError.swift; sourceTree = "<group>"; };
		0F8645F829C8D76E00CE161D /* FetchAPI.swift */ = {isa = PBXFileReference; lastKnownFileType = sourcecode.swift; path = FetchAPI.swift; sourceTree = "<group>"; };
		0F8645FC29C8D81400CE161D /* CharacterListView.swift */ = {isa = PBXFileReference; lastKnownFileType = sourcecode.swift; path = CharacterListView.swift; sourceTree = "<group>"; };
		0F86460029C8DAE100CE161D /* CharacterListViewModel.swift */ = {isa = PBXFileReference; lastKnownFileType = sourcecode.swift; path = CharacterListViewModel.swift; sourceTree = "<group>"; };
		0F86460229C8DCDB00CE161D /* CharacterModel.swift */ = {isa = PBXFileReference; lastKnownFileType = sourcecode.swift; path = CharacterModel.swift; sourceTree = "<group>"; };
		0F86460429C9D10100CE161D /* CharactersAPI.swift */ = {isa = PBXFileReference; lastKnownFileType = sourcecode.swift; path = CharactersAPI.swift; sourceTree = "<group>"; };
		0F86460629C9D80100CE161D /* Info.plist */ = {isa = PBXFileReference; lastKnownFileType = text.plist; path = Info.plist; sourceTree = "<group>"; };
/* End PBXFileReference section */

/* Begin PBXFrameworksBuildPhase section */
		0F8645C329C8C96700CE161D /* Frameworks */ = {
			isa = PBXFrameworksBuildPhase;
			buildActionMask = 2147483647;
			files = (
			);
			runOnlyForDeploymentPostprocessing = 0;
		};
		0F8645D329C8C96700CE161D /* Frameworks */ = {
			isa = PBXFrameworksBuildPhase;
			buildActionMask = 2147483647;
			files = (
			);
			runOnlyForDeploymentPostprocessing = 0;
		};
		0F8645DD29C8C96700CE161D /* Frameworks */ = {
			isa = PBXFrameworksBuildPhase;
			buildActionMask = 2147483647;
			files = (
			);
			runOnlyForDeploymentPostprocessing = 0;
		};
/* End PBXFrameworksBuildPhase section */

/* Begin PBXGroup section */
		0F8645BD29C8C96700CE161D = {
			isa = PBXGroup;
			children = (
				0F8645C829C8C96700CE161D /* swiftui-marvel */,
				0F8645D929C8C96700CE161D /* swiftui-marvelTests */,
				0F8645E329C8C96700CE161D /* swiftui-marvelUITests */,
				0F8645C729C8C96700CE161D /* Products */,
			);
			sourceTree = "<group>";
		};
		0F8645C729C8C96700CE161D /* Products */ = {
			isa = PBXGroup;
			children = (
				0F8645C629C8C96700CE161D /* swiftui-marvel.app */,
				0F8645D629C8C96700CE161D /* swiftui-marvelTests.xctest */,
				0F8645E029C8C96700CE161D /* swiftui-marvelUITests.xctest */,
			);
			name = Products;
			sourceTree = "<group>";
		};
		0F8645C829C8C96700CE161D /* swiftui-marvel */ = {
			isa = PBXGroup;
			children = (
				0F86460629C9D80100CE161D /* Info.plist */,
				0F8645FA29C8D7BF00CE161D /* Presentation */,
				0F8645F329C8D6AB00CE161D /* APIManager */,
				0F8645C929C8C96700CE161D /* swiftui_marvelApp.swift */,
				0F8645CD29C8C96700CE161D /* Assets.xcassets */,
				0F8645CF29C8C96700CE161D /* Preview Content */,
			);
			path = "swiftui-marvel";
			sourceTree = "<group>";
		};
		0F8645CF29C8C96700CE161D /* Preview Content */ = {
			isa = PBXGroup;
			children = (
				0F8645D029C8C96700CE161D /* Preview Assets.xcassets */,
			);
			path = "Preview Content";
			sourceTree = "<group>";
		};
		0F8645D929C8C96700CE161D /* swiftui-marvelTests */ = {
			isa = PBXGroup;
			children = (
				0F8645DA29C8C96700CE161D /* swiftui_marvelTests.swift */,
			);
			path = "swiftui-marvelTests";
			sourceTree = "<group>";
		};
		0F8645E329C8C96700CE161D /* swiftui-marvelUITests */ = {
			isa = PBXGroup;
			children = (
				0F8645E429C8C96700CE161D /* swiftui_marvelUITests.swift */,
				0F8645E629C8C96700CE161D /* swiftui_marvelUITestsLaunchTests.swift */,
			);
			path = "swiftui-marvelUITests";
			sourceTree = "<group>";
		};
		0F8645F329C8D6AB00CE161D /* APIManager */ = {
			isa = PBXGroup;
			children = (
				0F8645F429C8D6C200CE161D /* JSONParser.swift */,
				0F8645F629C8D70500CE161D /* APIError.swift */,
				0F8645F829C8D76E00CE161D /* FetchAPI.swift */,
				0F86460429C9D10100CE161D /* CharactersAPI.swift */,
			);
			path = APIManager;
			sourceTree = "<group>";
		};
		0F8645FA29C8D7BF00CE161D /* Presentation */ = {
			isa = PBXGroup;
			children = (
				0FE1964129CA42F800EDDC00 /* CharacterDetail */,
				0F8645FB29C8D7D700CE161D /* CharacterList */,
			);
			path = Presentation;
			sourceTree = "<group>";
		};
		0F8645FB29C8D7D700CE161D /* CharacterList */ = {
			isa = PBXGroup;
			children = (
				0F8645FC29C8D81400CE161D /* CharacterListView.swift */,
				0F86460029C8DAE100CE161D /* CharacterListViewModel.swift */,
				0F86460229C8DCDB00CE161D /* CharacterModel.swift */,
			);
			path = CharacterList;
			sourceTree = "<group>";
		};
		0FE1964129CA42F800EDDC00 /* CharacterDetail */ = {
			isa = PBXGroup;
			children = (
			);
			path = CharacterDetail;
			sourceTree = "<group>";
		};
/* End PBXGroup section */

/* Begin PBXNativeTarget section */
		0F8645C529C8C96700CE161D /* swiftui-marvel */ = {
			isa = PBXNativeTarget;
			buildConfigurationList = 0F8645EA29C8C96700CE161D /* Build configuration list for PBXNativeTarget "swiftui-marvel" */;
			buildPhases = (
				0F8645C229C8C96700CE161D /* Sources */,
				0F8645C329C8C96700CE161D /* Frameworks */,
				0F8645C429C8C96700CE161D /* Resources */,
			);
			buildRules = (
			);
			dependencies = (
			);
			name = "swiftui-marvel";
			productName = "swiftui-marvel";
			productReference = 0F8645C629C8C96700CE161D /* swiftui-marvel.app */;
			productType = "com.apple.product-type.application";
		};
		0F8645D529C8C96700CE161D /* swiftui-marvelTests */ = {
			isa = PBXNativeTarget;
			buildConfigurationList = 0F8645ED29C8C96700CE161D /* Build configuration list for PBXNativeTarget "swiftui-marvelTests" */;
			buildPhases = (
				0F8645D229C8C96700CE161D /* Sources */,
				0F8645D329C8C96700CE161D /* Frameworks */,
				0F8645D429C8C96700CE161D /* Resources */,
			);
			buildRules = (
			);
			dependencies = (
				0F8645D829C8C96700CE161D /* PBXTargetDependency */,
			);
			name = "swiftui-marvelTests";
			productName = "swiftui-marvelTests";
			productReference = 0F8645D629C8C96700CE161D /* swiftui-marvelTests.xctest */;
			productType = "com.apple.product-type.bundle.unit-test";
		};
		0F8645DF29C8C96700CE161D /* swiftui-marvelUITests */ = {
			isa = PBXNativeTarget;
			buildConfigurationList = 0F8645F029C8C96700CE161D /* Build configuration list for PBXNativeTarget "swiftui-marvelUITests" */;
			buildPhases = (
				0F8645DC29C8C96700CE161D /* Sources */,
				0F8645DD29C8C96700CE161D /* Frameworks */,
				0F8645DE29C8C96700CE161D /* Resources */,
			);
			buildRules = (
			);
			dependencies = (
				0F8645E229C8C96700CE161D /* PBXTargetDependency */,
			);
			name = "swiftui-marvelUITests";
			productName = "swiftui-marvelUITests";
			productReference = 0F8645E029C8C96700CE161D /* swiftui-marvelUITests.xctest */;
			productType = "com.apple.product-type.bundle.ui-testing";
		};
/* End PBXNativeTarget section */

/* Begin PBXProject section */
		0F8645BE29C8C96700CE161D /* Project object */ = {
			isa = PBXProject;
			attributes = {
				BuildIndependentTargetsInParallel = 1;
				LastSwiftUpdateCheck = 1420;
				LastUpgradeCheck = 1420;
				TargetAttributes = {
					0F8645C529C8C96700CE161D = {
						CreatedOnToolsVersion = 14.2;
					};
					0F8645D529C8C96700CE161D = {
						CreatedOnToolsVersion = 14.2;
						TestTargetID = 0F8645C529C8C96700CE161D;
					};
					0F8645DF29C8C96700CE161D = {
						CreatedOnToolsVersion = 14.2;
						TestTargetID = 0F8645C529C8C96700CE161D;
					};
				};
			};
			buildConfigurationList = 0F8645C129C8C96700CE161D /* Build configuration list for PBXProject "swiftui-marvel" */;
			compatibilityVersion = "Xcode 14.0";
			developmentRegion = en;
			hasScannedForEncodings = 0;
			knownRegions = (
				en,
				Base,
			);
			mainGroup = 0F8645BD29C8C96700CE161D;
			productRefGroup = 0F8645C729C8C96700CE161D /* Products */;
			projectDirPath = "";
			projectRoot = "";
			targets = (
				0F8645C529C8C96700CE161D /* swiftui-marvel */,
				0F8645D529C8C96700CE161D /* swiftui-marvelTests */,
				0F8645DF29C8C96700CE161D /* swiftui-marvelUITests */,
			);
		};
/* End PBXProject section */

/* Begin PBXResourcesBuildPhase section */
		0F8645C429C8C96700CE161D /* Resources */ = {
			isa = PBXResourcesBuildPhase;
			buildActionMask = 2147483647;
			files = (
				0F8645D129C8C96700CE161D /* Preview Assets.xcassets in Resources */,
				0F8645CE29C8C96700CE161D /* Assets.xcassets in Resources */,
			);
			runOnlyForDeploymentPostprocessing = 0;
		};
		0F8645D429C8C96700CE161D /* Resources */ = {
			isa = PBXResourcesBuildPhase;
			buildActionMask = 2147483647;
			files = (
			);
			runOnlyForDeploymentPostprocessing = 0;
		};
		0F8645DE29C8C96700CE161D /* Resources */ = {
			isa = PBXResourcesBuildPhase;
			buildActionMask = 2147483647;
			files = (
			);
			runOnlyForDeploymentPostprocessing = 0;
		};
/* End PBXResourcesBuildPhase section */

/* Begin PBXSourcesBuildPhase section */
		0F8645C229C8C96700CE161D /* Sources */ = {
			isa = PBXSourcesBuildPhase;
			buildActionMask = 2147483647;
			files = (
				0F86460529C9D10100CE161D /* CharactersAPI.swift in Sources */,
				0F8645FD29C8D81400CE161D /* CharacterListView.swift in Sources */,
				0F8645F729C8D70500CE161D /* APIError.swift in Sources */,
				0F8645CA29C8C96700CE161D /* swiftui_marvelApp.swift in Sources */,
				0F8645F529C8D6C200CE161D /* JSONParser.swift in Sources */,
				0F86460129C8DAE100CE161D /* CharacterListViewModel.swift in Sources */,
				0F86460329C8DCDB00CE161D /* CharacterModel.swift in Sources */,
				0F8645F929C8D76E00CE161D /* FetchAPI.swift in Sources */,
			);
			runOnlyForDeploymentPostprocessing = 0;
		};
		0F8645D229C8C96700CE161D /* Sources */ = {
			isa = PBXSourcesBuildPhase;
			buildActionMask = 2147483647;
			files = (
				0F8645DB29C8C96700CE161D /* swiftui_marvelTests.swift in Sources */,
			);
			runOnlyForDeploymentPostprocessing = 0;
		};
		0F8645DC29C8C96700CE161D /* Sources */ = {
			isa = PBXSourcesBuildPhase;
			buildActionMask = 2147483647;
			files = (
				0F8645E529C8C96700CE161D /* swiftui_marvelUITests.swift in Sources */,
				0F8645E729C8C96700CE161D /* swiftui_marvelUITestsLaunchTests.swift in Sources */,
			);
			runOnlyForDeploymentPostprocessing = 0;
		};
/* End PBXSourcesBuildPhase section */

/* Begin PBXTargetDependency section */
		0F8645D829C8C96700CE161D /* PBXTargetDependency */ = {
			isa = PBXTargetDependency;
			target = 0F8645C529C8C96700CE161D /* swiftui-marvel */;
			targetProxy = 0F8645D729C8C96700CE161D /* PBXContainerItemProxy */;
		};
		0F8645E229C8C96700CE161D /* PBXTargetDependency */ = {
			isa = PBXTargetDependency;
			target = 0F8645C529C8C96700CE161D /* swiftui-marvel */;
			targetProxy = 0F8645E129C8C96700CE161D /* PBXContainerItemProxy */;
		};
/* End PBXTargetDependency section */

/* Begin XCBuildConfiguration section */
		0F8645E829C8C96700CE161D /* Debug */ = {
			isa = XCBuildConfiguration;
			buildSettings = {
				ALWAYS_SEARCH_USER_PATHS = NO;
				CLANG_ANALYZER_NONNULL = YES;
				CLANG_ANALYZER_NUMBER_OBJECT_CONVERSION = YES_AGGRESSIVE;
				CLANG_CXX_LANGUAGE_STANDARD = "gnu++20";
				CLANG_ENABLE_MODULES = YES;
				CLANG_ENABLE_OBJC_ARC = YES;
				CLANG_ENABLE_OBJC_WEAK = YES;
				CLANG_WARN_BLOCK_CAPTURE_AUTORELEASING = YES;
				CLANG_WARN_BOOL_CONVERSION = YES;
				CLANG_WARN_COMMA = YES;
				CLANG_WARN_CONSTANT_CONVERSION = YES;
				CLANG_WARN_DEPRECATED_OBJC_IMPLEMENTATIONS = YES;
				CLANG_WARN_DIRECT_OBJC_ISA_USAGE = YES_ERROR;
				CLANG_WARN_DOCUMENTATION_COMMENTS = YES;
				CLANG_WARN_EMPTY_BODY = YES;
				CLANG_WARN_ENUM_CONVERSION = YES;
				CLANG_WARN_INFINITE_RECURSION = YES;
				CLANG_WARN_INT_CONVERSION = YES;
				CLANG_WARN_NON_LITERAL_NULL_CONVERSION = YES;
				CLANG_WARN_OBJC_IMPLICIT_RETAIN_SELF = YES;
				CLANG_WARN_OBJC_LITERAL_CONVERSION = YES;
				CLANG_WARN_OBJC_ROOT_CLASS = YES_ERROR;
				CLANG_WARN_QUOTED_INCLUDE_IN_FRAMEWORK_HEADER = YES;
				CLANG_WARN_RANGE_LOOP_ANALYSIS = YES;
				CLANG_WARN_STRICT_PROTOTYPES = YES;
				CLANG_WARN_SUSPICIOUS_MOVE = YES;
				CLANG_WARN_UNGUARDED_AVAILABILITY = YES_AGGRESSIVE;
				CLANG_WARN_UNREACHABLE_CODE = YES;
				CLANG_WARN__DUPLICATE_METHOD_MATCH = YES;
				COPY_PHASE_STRIP = NO;
				DEBUG_INFORMATION_FORMAT = dwarf;
				ENABLE_STRICT_OBJC_MSGSEND = YES;
				ENABLE_TESTABILITY = YES;
				GCC_C_LANGUAGE_STANDARD = gnu11;
				GCC_DYNAMIC_NO_PIC = NO;
				GCC_NO_COMMON_BLOCKS = YES;
				GCC_OPTIMIZATION_LEVEL = 0;
				GCC_PREPROCESSOR_DEFINITIONS = (
					"DEBUG=1",
					"$(inherited)",
				);
				GCC_WARN_64_TO_32_BIT_CONVERSION = YES;
				GCC_WARN_ABOUT_RETURN_TYPE = YES_ERROR;
				GCC_WARN_UNDECLARED_SELECTOR = YES;
				GCC_WARN_UNINITIALIZED_AUTOS = YES_AGGRESSIVE;
				GCC_WARN_UNUSED_FUNCTION = YES;
				GCC_WARN_UNUSED_VARIABLE = YES;
				IPHONEOS_DEPLOYMENT_TARGET = 16.2;
				MTL_ENABLE_DEBUG_INFO = INCLUDE_SOURCE;
				MTL_FAST_MATH = YES;
				ONLY_ACTIVE_ARCH = YES;
				SDKROOT = iphoneos;
				SWIFT_ACTIVE_COMPILATION_CONDITIONS = DEBUG;
				SWIFT_OPTIMIZATION_LEVEL = "-Onone";
			};
			name = Debug;
		};
		0F8645E929C8C96700CE161D /* Release */ = {
			isa = XCBuildConfiguration;
			buildSettings = {
				ALWAYS_SEARCH_USER_PATHS = NO;
				CLANG_ANALYZER_NONNULL = YES;
				CLANG_ANALYZER_NUMBER_OBJECT_CONVERSION = YES_AGGRESSIVE;
				CLANG_CXX_LANGUAGE_STANDARD = "gnu++20";
				CLANG_ENABLE_MODULES = YES;
				CLANG_ENABLE_OBJC_ARC = YES;
				CLANG_ENABLE_OBJC_WEAK = YES;
				CLANG_WARN_BLOCK_CAPTURE_AUTORELEASING = YES;
				CLANG_WARN_BOOL_CONVERSION = YES;
				CLANG_WARN_COMMA = YES;
				CLANG_WARN_CONSTANT_CONVERSION = YES;
				CLANG_WARN_DEPRECATED_OBJC_IMPLEMENTATIONS = YES;
				CLANG_WARN_DIRECT_OBJC_ISA_USAGE = YES_ERROR;
				CLANG_WARN_DOCUMENTATION_COMMENTS = YES;
				CLANG_WARN_EMPTY_BODY = YES;
				CLANG_WARN_ENUM_CONVERSION = YES;
				CLANG_WARN_INFINITE_RECURSION = YES;
				CLANG_WARN_INT_CONVERSION = YES;
				CLANG_WARN_NON_LITERAL_NULL_CONVERSION = YES;
				CLANG_WARN_OBJC_IMPLICIT_RETAIN_SELF = YES;
				CLANG_WARN_OBJC_LITERAL_CONVERSION = YES;
				CLANG_WARN_OBJC_ROOT_CLASS = YES_ERROR;
				CLANG_WARN_QUOTED_INCLUDE_IN_FRAMEWORK_HEADER = YES;
				CLANG_WARN_RANGE_LOOP_ANALYSIS = YES;
				CLANG_WARN_STRICT_PROTOTYPES = YES;
				CLANG_WARN_SUSPICIOUS_MOVE = YES;
				CLANG_WARN_UNGUARDED_AVAILABILITY = YES_AGGRESSIVE;
				CLANG_WARN_UNREACHABLE_CODE = YES;
				CLANG_WARN__DUPLICATE_METHOD_MATCH = YES;
				COPY_PHASE_STRIP = NO;
				DEBUG_INFORMATION_FORMAT = "dwarf-with-dsym";
				ENABLE_NS_ASSERTIONS = NO;
				ENABLE_STRICT_OBJC_MSGSEND = YES;
				GCC_C_LANGUAGE_STANDARD = gnu11;
				GCC_NO_COMMON_BLOCKS = YES;
				GCC_WARN_64_TO_32_BIT_CONVERSION = YES;
				GCC_WARN_ABOUT_RETURN_TYPE = YES_ERROR;
				GCC_WARN_UNDECLARED_SELECTOR = YES;
				GCC_WARN_UNINITIALIZED_AUTOS = YES_AGGRESSIVE;
				GCC_WARN_UNUSED_FUNCTION = YES;
				GCC_WARN_UNUSED_VARIABLE = YES;
				IPHONEOS_DEPLOYMENT_TARGET = 16.2;
				MTL_ENABLE_DEBUG_INFO = NO;
				MTL_FAST_MATH = YES;
				SDKROOT = iphoneos;
				SWIFT_COMPILATION_MODE = wholemodule;
				SWIFT_OPTIMIZATION_LEVEL = "-O";
				VALIDATE_PRODUCT = YES;
			};
			name = Release;
		};
		0F8645EB29C8C96700CE161D /* Debug */ = {
			isa = XCBuildConfiguration;
			buildSettings = {
				ASSETCATALOG_COMPILER_APPICON_NAME = AppIcon;
				ASSETCATALOG_COMPILER_GLOBAL_ACCENT_COLOR_NAME = AccentColor;
				CODE_SIGN_STYLE = Automatic;
				CURRENT_PROJECT_VERSION = 1;
				DEVELOPMENT_ASSET_PATHS = "\"swiftui-marvel/Preview Content\"";
				DEVELOPMENT_TEAM = M9TT9FLG87;
				ENABLE_PREVIEWS = YES;
				GENERATE_INFOPLIST_FILE = YES;
				INFOPLIST_FILE = "swiftui-marvel/Info.plist";
				INFOPLIST_KEY_CFBundleDisplayName = "Marvel - SwiftUI";
				INFOPLIST_KEY_UIApplicationSupportsIndirectInputEvents = YES;
				INFOPLIST_KEY_UILaunchScreen_Generation = YES;
				INFOPLIST_KEY_UISupportedInterfaceOrientations_iPad = "UIInterfaceOrientationPortrait UIInterfaceOrientationPortraitUpsideDown UIInterfaceOrientationLandscapeLeft UIInterfaceOrientationLandscapeRight";
				INFOPLIST_KEY_UISupportedInterfaceOrientations_iPhone = "UIInterfaceOrientationPortrait UIInterfaceOrientationLandscapeLeft UIInterfaceOrientationLandscapeRight";
				LD_RUNPATH_SEARCH_PATHS = (
					"$(inherited)",
					"@executable_path/Frameworks",
				);
				MARKETING_VERSION = 1.0;
				PRODUCT_BUNDLE_IDENTIFIER = "com.bumorgan.swiftui-marvel";
				PRODUCT_NAME = "$(TARGET_NAME)";
				SWIFT_EMIT_LOC_STRINGS = YES;
				SWIFT_VERSION = 5.0;
				TARGETED_DEVICE_FAMILY = "1,2";
			};
			name = Debug;
		};
		0F8645EC29C8C96700CE161D /* Release */ = {
			isa = XCBuildConfiguration;
			buildSettings = {
				ASSETCATALOG_COMPILER_APPICON_NAME = AppIcon;
				ASSETCATALOG_COMPILER_GLOBAL_ACCENT_COLOR_NAME = AccentColor;
				CODE_SIGN_STYLE = Automatic;
				CURRENT_PROJECT_VERSION = 1;
				DEVELOPMENT_ASSET_PATHS = "\"swiftui-marvel/Preview Content\"";
				DEVELOPMENT_TEAM = M9TT9FLG87;
				ENABLE_PREVIEWS = YES;
				GENERATE_INFOPLIST_FILE = YES;
				INFOPLIST_FILE = "swiftui-marvel/Info.plist";
				INFOPLIST_KEY_CFBundleDisplayName = "Marvel - SwiftUI";
				INFOPLIST_KEY_UIApplicationSupportsIndirectInputEvents = YES;
				INFOPLIST_KEY_UILaunchScreen_Generation = YES;
				INFOPLIST_KEY_UISupportedInterfaceOrientations_iPad = "UIInterfaceOrientationPortrait UIInterfaceOrientationPortraitUpsideDown UIInterfaceOrientationLandscapeLeft UIInterfaceOrientationLandscapeRight";
				INFOPLIST_KEY_UISupportedInterfaceOrientations_iPhone = "UIInterfaceOrientationPortrait UIInterfaceOrientationLandscapeLeft UIInterfaceOrientationLandscapeRight";
				LD_RUNPATH_SEARCH_PATHS = (
					"$(inherited)",
					"@executable_path/Frameworks",
				);
				MARKETING_VERSION = 1.0;
				PRODUCT_BUNDLE_IDENTIFIER = "com.bumorgan.swiftui-marvel";
				PRODUCT_NAME = "$(TARGET_NAME)";
				SWIFT_EMIT_LOC_STRINGS = YES;
				SWIFT_VERSION = 5.0;
				TARGETED_DEVICE_FAMILY = "1,2";
			};
			name = Release;
		};
		0F8645EE29C8C96700CE161D /* Debug */ = {
			isa = XCBuildConfiguration;
			buildSettings = {
				ALWAYS_EMBED_SWIFT_STANDARD_LIBRARIES = YES;
				BUNDLE_LOADER = "$(TEST_HOST)";
				CODE_SIGN_STYLE = Automatic;
				CURRENT_PROJECT_VERSION = 1;
				GENERATE_INFOPLIST_FILE = YES;
				IPHONEOS_DEPLOYMENT_TARGET = 16.2;
				MARKETING_VERSION = 1.0;
				PRODUCT_BUNDLE_IDENTIFIER = "com.bumorgan.swiftui-marvelTests";
				PRODUCT_NAME = "$(TARGET_NAME)";
				SWIFT_EMIT_LOC_STRINGS = NO;
				SWIFT_VERSION = 5.0;
				TARGETED_DEVICE_FAMILY = "1,2";
				TEST_HOST = "$(BUILT_PRODUCTS_DIR)/swiftui-marvel.app/$(BUNDLE_EXECUTABLE_FOLDER_PATH)/swiftui-marvel";
			};
			name = Debug;
		};
		0F8645EF29C8C96700CE161D /* Release */ = {
			isa = XCBuildConfiguration;
			buildSettings = {
				ALWAYS_EMBED_SWIFT_STANDARD_LIBRARIES = YES;
				BUNDLE_LOADER = "$(TEST_HOST)";
				CODE_SIGN_STYLE = Automatic;
				CURRENT_PROJECT_VERSION = 1;
				GENERATE_INFOPLIST_FILE = YES;
				IPHONEOS_DEPLOYMENT_TARGET = 16.2;
				MARKETING_VERSION = 1.0;
				PRODUCT_BUNDLE_IDENTIFIER = "com.bumorgan.swiftui-marvelTests";
				PRODUCT_NAME = "$(TARGET_NAME)";
				SWIFT_EMIT_LOC_STRINGS = NO;
				SWIFT_VERSION = 5.0;
				TARGETED_DEVICE_FAMILY = "1,2";
				TEST_HOST = "$(BUILT_PRODUCTS_DIR)/swiftui-marvel.app/$(BUNDLE_EXECUTABLE_FOLDER_PATH)/swiftui-marvel";
			};
			name = Release;
		};
		0F8645F129C8C96700CE161D /* Debug */ = {
			isa = XCBuildConfiguration;
			buildSettings = {
				ALWAYS_EMBED_SWIFT_STANDARD_LIBRARIES = YES;
				CODE_SIGN_STYLE = Automatic;
				CURRENT_PROJECT_VERSION = 1;
				GENERATE_INFOPLIST_FILE = YES;
				MARKETING_VERSION = 1.0;
				PRODUCT_BUNDLE_IDENTIFIER = "com.bumorgan.swiftui-marvelUITests";
				PRODUCT_NAME = "$(TARGET_NAME)";
				SWIFT_EMIT_LOC_STRINGS = NO;
				SWIFT_VERSION = 5.0;
				TARGETED_DEVICE_FAMILY = "1,2";
				TEST_TARGET_NAME = "swiftui-marvel";
			};
			name = Debug;
		};
		0F8645F229C8C96700CE161D /* Release */ = {
			isa = XCBuildConfiguration;
			buildSettings = {
				ALWAYS_EMBED_SWIFT_STANDARD_LIBRARIES = YES;
				CODE_SIGN_STYLE = Automatic;
				CURRENT_PROJECT_VERSION = 1;
				GENERATE_INFOPLIST_FILE = YES;
				MARKETING_VERSION = 1.0;
				PRODUCT_BUNDLE_IDENTIFIER = "com.bumorgan.swiftui-marvelUITests";
				PRODUCT_NAME = "$(TARGET_NAME)";
				SWIFT_EMIT_LOC_STRINGS = NO;
				SWIFT_VERSION = 5.0;
				TARGETED_DEVICE_FAMILY = "1,2";
				TEST_TARGET_NAME = "swiftui-marvel";
			};
			name = Release;
		};
/* End XCBuildConfiguration section */

/* Begin XCConfigurationList section */
		0F8645C129C8C96700CE161D /* Build configuration list for PBXProject "swiftui-marvel" */ = {
			isa = XCConfigurationList;
			buildConfigurations = (
				0F8645E829C8C96700CE161D /* Debug */,
				0F8645E929C8C96700CE161D /* Release */,
			);
			defaultConfigurationIsVisible = 0;
			defaultConfigurationName = Release;
		};
		0F8645EA29C8C96700CE161D /* Build configuration list for PBXNativeTarget "swiftui-marvel" */ = {
			isa = XCConfigurationList;
			buildConfigurations = (
				0F8645EB29C8C96700CE161D /* Debug */,
				0F8645EC29C8C96700CE161D /* Release */,
			);
			defaultConfigurationIsVisible = 0;
			defaultConfigurationName = Release;
		};
		0F8645ED29C8C96700CE161D /* Build configuration list for PBXNativeTarget "swiftui-marvelTests" */ = {
			isa = XCConfigurationList;
			buildConfigurations = (
				0F8645EE29C8C96700CE161D /* Debug */,
				0F8645EF29C8C96700CE161D /* Release */,
			);
			defaultConfigurationIsVisible = 0;
			defaultConfigurationName = Release;
		};
		0F8645F029C8C96700CE161D /* Build configuration list for PBXNativeTarget "swiftui-marvelUITests" */ = {
			isa = XCConfigurationList;
			buildConfigurations = (
				0F8645F129C8C96700CE161D /* Debug */,
				0F8645F229C8C96700CE161D /* Release */,
			);
			defaultConfigurationIsVisible = 0;
			defaultConfigurationName = Release;
		};
/* End XCConfigurationList section */
	};
	rootObject = 0F8645BE29C8C96700CE161D /* Project object */;
}
