// !$*UTF8*$!
{
	archiveVersion = 1;
	classes = {
	};
	objectVersion = 56;
	objects = {

/* Begin PBXBuildFile section */
		0FBAED8F29D5159200040E65 /* CharacterListViewModelTests.swift in Sources */ = {isa = PBXBuildFile; fileRef = 0FBAED8E29D5159200040E65 /* CharacterListViewModelTests.swift */; };
		0FBAED9329D5167D00040E65 /* CharacterAPIMock.swift in Sources */ = {isa = PBXBuildFile; fileRef = 0FBAED9229D5167D00040E65 /* CharacterAPIMock.swift */; };
		0FBAEF8429D5247000040E65 /* CharacterModelMock.swift in Sources */ = {isa = PBXBuildFile; fileRef = 0FBAEF8329D5247000040E65 /* CharacterModelMock.swift */; };
		0FC98E1329DCB7AC005E53EF /* watch_swiftui_marvelApp.swift in Sources */ = {isa = PBXBuildFile; fileRef = 0FC98E1229DCB7AC005E53EF /* watch_swiftui_marvelApp.swift */; };
		0FC98E1529DCB7AC005E53EF /* CharacterDetailView.swift in Sources */ = {isa = PBXBuildFile; fileRef = 0FC98E1429DCB7AC005E53EF /* CharacterDetailView.swift */; };
		0FC98E1729DCB7AD005E53EF /* Assets.xcassets in Resources */ = {isa = PBXBuildFile; fileRef = 0FC98E1629DCB7AD005E53EF /* Assets.xcassets */; };
		0FC98E1A29DCB7AD005E53EF /* Preview Assets.xcassets in Resources */ = {isa = PBXBuildFile; fileRef = 0FC98E1929DCB7AD005E53EF /* Preview Assets.xcassets */; };
		0FC98E1F29DCB9EA005E53EF /* CharacterModel.swift in Sources */ = {isa = PBXBuildFile; fileRef = 0F86460229C8DCDB00CE161D /* CharacterModel.swift */; };
/* End PBXBuildFile section */

/* Begin PBXFileReference section */
		0F8645C929C8C96700CE161D /* swiftui_marvelApp.swift */ = {isa = PBXFileReference; lastKnownFileType = sourcecode.swift; path = swiftui_marvelApp.swift; sourceTree = "<group>"; };
		0F8645CD29C8C96700CE161D /* Assets.xcassets */ = {isa = PBXFileReference; lastKnownFileType = folder.assetcatalog; path = Assets.xcassets; sourceTree = "<group>"; };
		0F8645D629C8C96700CE161D /* swiftui-marvelTests.xctest */ = {isa = PBXFileReference; explicitFileType = wrapper.cfbundle; includeInIndex = 0; path = "swiftui-marvelTests.xctest"; sourceTree = BUILT_PRODUCTS_DIR; };
		0F8645E029C8C96700CE161D /* swiftui-marvelUITests.xctest */ = {isa = PBXFileReference; explicitFileType = wrapper.cfbundle; includeInIndex = 0; path = "swiftui-marvelUITests.xctest"; sourceTree = BUILT_PRODUCTS_DIR; };
		0F8645F429C8D6C200CE161D /* JSONParser.swift */ = {isa = PBXFileReference; lastKnownFileType = sourcecode.swift; path = JSONParser.swift; sourceTree = "<group>"; };
		0F8645F629C8D70500CE161D /* APIError.swift */ = {isa = PBXFileReference; lastKnownFileType = sourcecode.swift; path = APIError.swift; sourceTree = "<group>"; };
		0F8645F829C8D76E00CE161D /* FetchAPI.swift */ = {isa = PBXFileReference; lastKnownFileType = sourcecode.swift; path = FetchAPI.swift; sourceTree = "<group>"; };
		0F8645FC29C8D81400CE161D /* CharacterListView.swift */ = {isa = PBXFileReference; lastKnownFileType = sourcecode.swift; path = CharacterListView.swift; sourceTree = "<group>"; };
		0F86460029C8DAE100CE161D /* CharacterListViewModel.swift */ = {isa = PBXFileReference; lastKnownFileType = sourcecode.swift; path = CharacterListViewModel.swift; sourceTree = "<group>"; };
		0F86460229C8DCDB00CE161D /* CharacterModel.swift */ = {isa = PBXFileReference; lastKnownFileType = sourcecode.swift; path = CharacterModel.swift; sourceTree = "<group>"; };
		0F86460429C9D10100CE161D /* CharactersAPI.swift */ = {isa = PBXFileReference; lastKnownFileType = sourcecode.swift; path = CharactersAPI.swift; sourceTree = "<group>"; };
		0F86460629C9D80100CE161D /* Info.plist */ = {isa = PBXFileReference; lastKnownFileType = text.plist; path = Info.plist; sourceTree = "<group>"; };
		0FBAED8E29D5159200040E65 /* CharacterListViewModelTests.swift */ = {isa = PBXFileReference; lastKnownFileType = sourcecode.swift; path = CharacterListViewModelTests.swift; sourceTree = "<group>"; };
		0FBAED9229D5167D00040E65 /* CharacterAPIMock.swift */ = {isa = PBXFileReference; lastKnownFileType = sourcecode.swift; path = CharacterAPIMock.swift; sourceTree = "<group>"; };
		0FBAEF8329D5247000040E65 /* CharacterModelMock.swift */ = {isa = PBXFileReference; lastKnownFileType = sourcecode.swift; path = CharacterModelMock.swift; sourceTree = "<group>"; };
		0FC98E1029DCB7AC005E53EF /* watch-swiftui-marvel Watch App.app */ = {isa = PBXFileReference; explicitFileType = wrapper.application; includeInIndex = 0; path = "watch-swiftui-marvel Watch App.app"; sourceTree = BUILT_PRODUCTS_DIR; };
		0FC98E1229DCB7AC005E53EF /* watch_swiftui_marvelApp.swift */ = {isa = PBXFileReference; lastKnownFileType = sourcecode.swift; path = watch_swiftui_marvelApp.swift; sourceTree = "<group>"; };
		0FC98E1429DCB7AC005E53EF /* CharacterDetailView.swift */ = {isa = PBXFileReference; lastKnownFileType = sourcecode.swift; path = CharacterDetailView.swift; sourceTree = "<group>"; };
		0FC98E1629DCB7AD005E53EF /* Assets.xcassets */ = {isa = PBXFileReference; lastKnownFileType = folder.assetcatalog; path = Assets.xcassets; sourceTree = "<group>"; };
		0FC98E1929DCB7AD005E53EF /* Preview Assets.xcassets */ = {isa = PBXFileReference; lastKnownFileType = folder.assetcatalog; path = "Preview Assets.xcassets"; sourceTree = "<group>"; };
		0FC98E1E29DCB8F5005E53EF /* watch-swiftui-marvel-Watch-App-Info.plist */ = {isa = PBXFileReference; lastKnownFileType = text.plist; path = "watch-swiftui-marvel-Watch-App-Info.plist"; sourceTree = SOURCE_ROOT; };
		0FE1964229CA432600EDDC00 /* CharacterDetailView.swift */ = {isa = PBXFileReference; lastKnownFileType = sourcecode.swift; path = CharacterDetailView.swift; sourceTree = "<group>"; };
		0FE1964429CA434500EDDC00 /* CharacterDetailViewModel.swift */ = {isa = PBXFileReference; lastKnownFileType = sourcecode.swift; path = CharacterDetailViewModel.swift; sourceTree = "<group>"; };
		0FE1964629CA44A800EDDC00 /* CharacterListRouter.swift */ = {isa = PBXFileReference; lastKnownFileType = sourcecode.swift; path = CharacterListRouter.swift; sourceTree = "<group>"; };
/* End PBXFileReference section */

/* Begin PBXFrameworksBuildPhase section */
		0F8645D329C8C96700CE161D /* Frameworks */ = {
			isa = PBXFrameworksBuildPhase;
			buildActionMask = 2147483647;
			files = (
			);
			runOnlyForDeploymentPostprocessing = 0;
		};
		0F8645DD29C8C96700CE161D /* Frameworks */ = {
			isa = PBXFrameworksBuildPhase;
			buildActionMask = 2147483647;
			files = (
			);
			runOnlyForDeploymentPostprocessing = 0;
		};
		0FC98E0D29DCB7AC005E53EF /* Frameworks */ = {
			isa = PBXFrameworksBuildPhase;
			buildActionMask = 2147483647;
			files = (
			);
			runOnlyForDeploymentPostprocessing = 0;
		};
/* End PBXFrameworksBuildPhase section */

/* Begin PBXGroup section */
		0F8645BD29C8C96700CE161D = {
			isa = PBXGroup;
			children = (
				0F8645C829C8C96700CE161D /* swiftui-marvel */,
				0FC98E1129DCB7AC005E53EF /* WatchApp */,
				0F8645C729C8C96700CE161D /* Products */,
			);
			sourceTree = "<group>";
		};
		0F8645C729C8C96700CE161D /* Products */ = {
			isa = PBXGroup;
			children = (
				0F8645D629C8C96700CE161D /* swiftui-marvelTests.xctest */,
				0F8645E029C8C96700CE161D /* swiftui-marvelUITests.xctest */,
				0FC98E1029DCB7AC005E53EF /* watch-swiftui-marvel Watch App.app */,
			);
			name = Products;
			sourceTree = "<group>";
		};
		0F8645C829C8C96700CE161D /* swiftui-marvel */ = {
			isa = PBXGroup;
			children = (
				0F86460629C9D80100CE161D /* Info.plist */,
				0F8645FA29C8D7BF00CE161D /* Presentation */,
				0F8645F329C8D6AB00CE161D /* APIManager */,
				0F8645C929C8C96700CE161D /* swiftui_marvelApp.swift */,
				0F8645CD29C8C96700CE161D /* Assets.xcassets */,
				0F8645D929C8C96700CE161D /* Tests */,
			);
			path = "swiftui-marvel";
			sourceTree = "<group>";
		};
		0F8645D929C8C96700CE161D /* Tests */ = {
			isa = PBXGroup;
			children = (
				0FBAED9029D5162400040E65 /* Mocks */,
				0FBAED8C29D5156B00040E65 /* Presentation */,
			);
			path = Tests;
			sourceTree = "<group>";
		};
		0F8645F329C8D6AB00CE161D /* APIManager */ = {
			isa = PBXGroup;
			children = (
				0F8645F429C8D6C200CE161D /* JSONParser.swift */,
				0F8645F629C8D70500CE161D /* APIError.swift */,
				0F8645F829C8D76E00CE161D /* FetchAPI.swift */,
				0F86460429C9D10100CE161D /* CharactersAPI.swift */,
			);
			path = APIManager;
			sourceTree = "<group>";
		};
		0F8645FA29C8D7BF00CE161D /* Presentation */ = {
			isa = PBXGroup;
			children = (
				0FE1964129CA42F800EDDC00 /* CharacterDetail */,
				0F8645FB29C8D7D700CE161D /* CharacterList */,
			);
			path = Presentation;
			sourceTree = "<group>";
		};
		0F8645FB29C8D7D700CE161D /* CharacterList */ = {
			isa = PBXGroup;
			children = (
				0F8645FC29C8D81400CE161D /* CharacterListView.swift */,
				0F86460029C8DAE100CE161D /* CharacterListViewModel.swift */,
				0F86460229C8DCDB00CE161D /* CharacterModel.swift */,
				0FE1964629CA44A800EDDC00 /* CharacterListRouter.swift */,
			);
			path = CharacterList;
			sourceTree = "<group>";
		};
		0FBAED8C29D5156B00040E65 /* Presentation */ = {
			isa = PBXGroup;
			children = (
				0FBAED8D29D5157B00040E65 /* CharacterList */,
			);
			path = Presentation;
			sourceTree = "<group>";
		};
		0FBAED8D29D5157B00040E65 /* CharacterList */ = {
			isa = PBXGroup;
			children = (
				0FBAED8E29D5159200040E65 /* CharacterListViewModelTests.swift */,
			);
			path = CharacterList;
			sourceTree = "<group>";
		};
		0FBAED9029D5162400040E65 /* Mocks */ = {
			isa = PBXGroup;
			children = (
				0FBAEF8229D5245700040E65 /* Models */,
				0FBAED9129D5162D00040E65 /* APIManager */,
			);
			path = Mocks;
			sourceTree = "<group>";
		};
		0FBAED9129D5162D00040E65 /* APIManager */ = {
			isa = PBXGroup;
			children = (
				0FBAED9229D5167D00040E65 /* CharacterAPIMock.swift */,
			);
			path = APIManager;
			sourceTree = "<group>";
		};
		0FBAEF8229D5245700040E65 /* Models */ = {
			isa = PBXGroup;
			children = (
				0FBAEF8329D5247000040E65 /* CharacterModelMock.swift */,
			);
			path = Models;
			sourceTree = "<group>";
		};
		0FC98E1129DCB7AC005E53EF /* WatchApp */ = {
			isa = PBXGroup;
			children = (
				0FC98E1E29DCB8F5005E53EF /* watch-swiftui-marvel-Watch-App-Info.plist */,
				0FC98E1229DCB7AC005E53EF /* watch_swiftui_marvelApp.swift */,
				0FC98E1429DCB7AC005E53EF /* CharacterDetailView.swift */,
				0FC98E1629DCB7AD005E53EF /* Assets.xcassets */,
				0FC98E1829DCB7AD005E53EF /* Preview Content */,
			);
			path = WatchApp;
			sourceTree = "<group>";
		};
		0FC98E1829DCB7AD005E53EF /* Preview Content */ = {
			isa = PBXGroup;
			children = (
				0FC98E1929DCB7AD005E53EF /* Preview Assets.xcassets */,
			);
			path = "Preview Content";
			sourceTree = "<group>";
		};
		0FE1964129CA42F800EDDC00 /* CharacterDetail */ = {
			isa = PBXGroup;
			children = (
				0FE1964229CA432600EDDC00 /* CharacterDetailView.swift */,
				0FE1964429CA434500EDDC00 /* CharacterDetailViewModel.swift */,
			);
			path = CharacterDetail;
			sourceTree = "<group>";
		};
/* End PBXGroup section */

/* Begin PBXNativeTarget section */
		0F8645D529C8C96700CE161D /* swiftui-marvelTests */ = {
			isa = PBXNativeTarget;
			buildConfigurationList = 0F8645ED29C8C96700CE161D /* Build configuration list for PBXNativeTarget "swiftui-marvelTests" */;
			buildPhases = (
				0F8645D229C8C96700CE161D /* Sources */,
				0F8645D329C8C96700CE161D /* Frameworks */,
				0F8645D429C8C96700CE161D /* Resources */,
			);
			buildRules = (
			);
			dependencies = (
			);
			name = "swiftui-marvelTests";
			productName = "swiftui-marvelTests";
			productReference = 0F8645D629C8C96700CE161D /* swiftui-marvelTests.xctest */;
			productType = "com.apple.product-type.bundle.unit-test";
		};
		0F8645DF29C8C96700CE161D /* swiftui-marvelUITests */ = {
			isa = PBXNativeTarget;
			buildConfigurationList = 0F8645F029C8C96700CE161D /* Build configuration list for PBXNativeTarget "swiftui-marvelUITests" */;
			buildPhases = (
				0F8645DC29C8C96700CE161D /* Sources */,
				0F8645DD29C8C96700CE161D /* Frameworks */,
				0F8645DE29C8C96700CE161D /* Resources */,
			);
			buildRules = (
			);
			dependencies = (
			);
			name = "swiftui-marvelUITests";
			productName = "swiftui-marvelUITests";
			productReference = 0F8645E029C8C96700CE161D /* swiftui-marvelUITests.xctest */;
			productType = "com.apple.product-type.bundle.ui-testing";
		};
		0FC98E0F29DCB7AC005E53EF /* watch-swiftui-marvel Watch App */ = {
			isa = PBXNativeTarget;
			buildConfigurationList = 0FC98E1D29DCB7AD005E53EF /* Build configuration list for PBXNativeTarget "watch-swiftui-marvel Watch App" */;
			buildPhases = (
				0FC98E0C29DCB7AC005E53EF /* Sources */,
				0FC98E0D29DCB7AC005E53EF /* Frameworks */,
				0FC98E0E29DCB7AC005E53EF /* Resources */,
			);
			buildRules = (
			);
			dependencies = (
			);
			name = "watch-swiftui-marvel Watch App";
			productName = "watch-swiftui-marvel Watch App";
			productReference = 0FC98E1029DCB7AC005E53EF /* watch-swiftui-marvel Watch App.app */;
			productType = "com.apple.product-type.application";
		};
/* End PBXNativeTarget section */

/* Begin PBXProject section */
		0F8645BE29C8C96700CE161D /* Project object */ = {
			isa = PBXProject;
			attributes = {
				BuildIndependentTargetsInParallel = 1;
				LastSwiftUpdateCheck = 1420;
				LastUpgradeCheck = 1420;
				TargetAttributes = {
					0F8645D529C8C96700CE161D = {
						CreatedOnToolsVersion = 14.2;
						TestTargetID = 0F8645C529C8C96700CE161D;
					};
					0F8645DF29C8C96700CE161D = {
						CreatedOnToolsVersion = 14.2;
						TestTargetID = 0F8645C529C8C96700CE161D;
					};
					0FC98E0F29DCB7AC005E53EF = {
						CreatedOnToolsVersion = 14.2;
					};
				};
			};
			buildConfigurationList = 0F8645C129C8C96700CE161D /* Build configuration list for PBXProject "swiftui-marvel" */;
			compatibilityVersion = "Xcode 14.0";
			developmentRegion = en;
			hasScannedForEncodings = 0;
			knownRegions = (
				en,
				Base,
			);
			mainGroup = 0F8645BD29C8C96700CE161D;
			productRefGroup = 0F8645C729C8C96700CE161D /* Products */;
			projectDirPath = "";
			projectRoot = "";
			targets = (
				0F8645D529C8C96700CE161D /* swiftui-marvelTests */,
				0F8645DF29C8C96700CE161D /* swiftui-marvelUITests */,
				0FC98E0F29DCB7AC005E53EF /* watch-swiftui-marvel Watch App */,
			);
		};
/* End PBXProject section */

/* Begin PBXResourcesBuildPhase section */
		0F8645D429C8C96700CE161D /* Resources */ = {
			isa = PBXResourcesBuildPhase;
			buildActionMask = 2147483647;
			files = (
			);
			runOnlyForDeploymentPostprocessing = 0;
		};
		0F8645DE29C8C96700CE161D /* Resources */ = {
			isa = PBXResourcesBuildPhase;
			buildActionMask = 2147483647;
			files = (
			);
			runOnlyForDeploymentPostprocessing = 0;
		};
		0FC98E0E29DCB7AC005E53EF /* Resources */ = {
			isa = PBXResourcesBuildPhase;
			buildActionMask = 2147483647;
			files = (
				0FC98E1A29DCB7AD005E53EF /* Preview Assets.xcassets in Resources */,
				0FC98E1729DCB7AD005E53EF /* Assets.xcassets in Resources */,
			);
			runOnlyForDeploymentPostprocessing = 0;
		};
/* End PBXResourcesBuildPhase section */

/* Begin PBXSourcesBuildPhase section */
		0F8645D229C8C96700CE161D /* Sources */ = {
			isa = PBXSourcesBuildPhase;
			buildActionMask = 2147483647;
			files = (
				0FBAEF8429D5247000040E65 /* CharacterModelMock.swift in Sources */,
				0FBAED9329D5167D00040E65 /* CharacterAPIMock.swift in Sources */,
				0FBAED8F29D5159200040E65 /* CharacterListViewModelTests.swift in Sources */,
			);
			runOnlyForDeploymentPostprocessing = 0;
		};
		0F8645DC29C8C96700CE161D /* Sources */ = {
			isa = PBXSourcesBuildPhase;
			buildActionMask = 2147483647;
			files = (
			);
			runOnlyForDeploymentPostprocessing = 0;
		};
		0FC98E0C29DCB7AC005E53EF /* Sources */ = {
			isa = PBXSourcesBuildPhase;
			buildActionMask = 2147483647;
			files = (
				0FC98E1F29DCB9EA005E53EF /* CharacterModel.swift in Sources */,
				0FC98E1529DCB7AC005E53EF /* CharacterDetailView.swift in Sources */,
				0FC98E1329DCB7AC005E53EF /* watch_swiftui_marvelApp.swift in Sources */,
			);
			runOnlyForDeploymentPostprocessing = 0;
		};
/* End PBXSourcesBuildPhase section */

/* Begin XCBuildConfiguration section */
		0F8645E829C8C96700CE161D /* Debug */ = {
			isa = XCBuildConfiguration;
			buildSettings = {
				ALWAYS_SEARCH_USER_PATHS = NO;
				CLANG_ANALYZER_NONNULL = YES;
				CLANG_ANALYZER_NUMBER_OBJECT_CONVERSION = YES_AGGRESSIVE;
				CLANG_CXX_LANGUAGE_STANDARD = "gnu++20";
				CLANG_ENABLE_MODULES = YES;
				CLANG_ENABLE_OBJC_ARC = YES;
				CLANG_ENABLE_OBJC_WEAK = YES;
				CLANG_WARN_BLOCK_CAPTURE_AUTORELEASING = YES;
				CLANG_WARN_BOOL_CONVERSION = YES;
				CLANG_WARN_COMMA = YES;
				CLANG_WARN_CONSTANT_CONVERSION = YES;
				CLANG_WARN_DEPRECATED_OBJC_IMPLEMENTATIONS = YES;
				CLANG_WARN_DIRECT_OBJC_ISA_USAGE = YES_ERROR;
				CLANG_WARN_DOCUMENTATION_COMMENTS = YES;
				CLANG_WARN_EMPTY_BODY = YES;
				CLANG_WARN_ENUM_CONVERSION = YES;
				CLANG_WARN_INFINITE_RECURSION = YES;
				CLANG_WARN_INT_CONVERSION = YES;
				CLANG_WARN_NON_LITERAL_NULL_CONVERSION = YES;
				CLANG_WARN_OBJC_IMPLICIT_RETAIN_SELF = YES;
				CLANG_WARN_OBJC_LITERAL_CONVERSION = YES;
				CLANG_WARN_OBJC_ROOT_CLASS = YES_ERROR;
				CLANG_WARN_QUOTED_INCLUDE_IN_FRAMEWORK_HEADER = YES;
				CLANG_WARN_RANGE_LOOP_ANALYSIS = YES;
				CLANG_WARN_STRICT_PROTOTYPES = YES;
				CLANG_WARN_SUSPICIOUS_MOVE = YES;
				CLANG_WARN_UNGUARDED_AVAILABILITY = YES_AGGRESSIVE;
				CLANG_WARN_UNREACHABLE_CODE = YES;
				CLANG_WARN__DUPLICATE_METHOD_MATCH = YES;
				COPY_PHASE_STRIP = NO;
				DEBUG_INFORMATION_FORMAT = dwarf;
				ENABLE_STRICT_OBJC_MSGSEND = YES;
				ENABLE_TESTABILITY = YES;
				GCC_C_LANGUAGE_STANDARD = gnu11;
				GCC_DYNAMIC_NO_PIC = NO;
				GCC_NO_COMMON_BLOCKS = YES;
				GCC_OPTIMIZATION_LEVEL = 0;
				GCC_PREPROCESSOR_DEFINITIONS = (
					"DEBUG=1",
					"$(inherited)",
				);
				GCC_WARN_64_TO_32_BIT_CONVERSION = YES;
				GCC_WARN_ABOUT_RETURN_TYPE = YES_ERROR;
				GCC_WARN_UNDECLARED_SELECTOR = YES;
				GCC_WARN_UNINITIALIZED_AUTOS = YES_AGGRESSIVE;
				GCC_WARN_UNUSED_FUNCTION = YES;
				GCC_WARN_UNUSED_VARIABLE = YES;
				IPHONEOS_DEPLOYMENT_TARGET = 16.2;
				MTL_ENABLE_DEBUG_INFO = INCLUDE_SOURCE;
				MTL_FAST_MATH = YES;
				ONLY_ACTIVE_ARCH = YES;
				SDKROOT = iphoneos;
				SWIFT_ACTIVE_COMPILATION_CONDITIONS = DEBUG;
				SWIFT_OPTIMIZATION_LEVEL = "-Onone";
			};
			name = Debug;
		};
		0F8645E929C8C96700CE161D /* Release */ = {
			isa = XCBuildConfiguration;
			buildSettings = {
				ALWAYS_SEARCH_USER_PATHS = NO;
				CLANG_ANALYZER_NONNULL = YES;
				CLANG_ANALYZER_NUMBER_OBJECT_CONVERSION = YES_AGGRESSIVE;
				CLANG_CXX_LANGUAGE_STANDARD = "gnu++20";
				CLANG_ENABLE_MODULES = YES;
				CLANG_ENABLE_OBJC_ARC = YES;
				CLANG_ENABLE_OBJC_WEAK = YES;
				CLANG_WARN_BLOCK_CAPTURE_AUTORELEASING = YES;
				CLANG_WARN_BOOL_CONVERSION = YES;
				CLANG_WARN_COMMA = YES;
				CLANG_WARN_CONSTANT_CONVERSION = YES;
				CLANG_WARN_DEPRECATED_OBJC_IMPLEMENTATIONS = YES;
				CLANG_WARN_DIRECT_OBJC_ISA_USAGE = YES_ERROR;
				CLANG_WARN_DOCUMENTATION_COMMENTS = YES;
				CLANG_WARN_EMPTY_BODY = YES;
				CLANG_WARN_ENUM_CONVERSION = YES;
				CLANG_WARN_INFINITE_RECURSION = YES;
				CLANG_WARN_INT_CONVERSION = YES;
				CLANG_WARN_NON_LITERAL_NULL_CONVERSION = YES;
				CLANG_WARN_OBJC_IMPLICIT_RETAIN_SELF = YES;
				CLANG_WARN_OBJC_LITERAL_CONVERSION = YES;
				CLANG_WARN_OBJC_ROOT_CLASS = YES_ERROR;
				CLANG_WARN_QUOTED_INCLUDE_IN_FRAMEWORK_HEADER = YES;
				CLANG_WARN_RANGE_LOOP_ANALYSIS = YES;
				CLANG_WARN_STRICT_PROTOTYPES = YES;
				CLANG_WARN_SUSPICIOUS_MOVE = YES;
				CLANG_WARN_UNGUARDED_AVAILABILITY = YES_AGGRESSIVE;
				CLANG_WARN_UNREACHABLE_CODE = YES;
				CLANG_WARN__DUPLICATE_METHOD_MATCH = YES;
				COPY_PHASE_STRIP = NO;
				DEBUG_INFORMATION_FORMAT = "dwarf-with-dsym";
				ENABLE_NS_ASSERTIONS = NO;
				ENABLE_STRICT_OBJC_MSGSEND = YES;
				GCC_C_LANGUAGE_STANDARD = gnu11;
				GCC_NO_COMMON_BLOCKS = YES;
				GCC_WARN_64_TO_32_BIT_CONVERSION = YES;
				GCC_WARN_ABOUT_RETURN_TYPE = YES_ERROR;
				GCC_WARN_UNDECLARED_SELECTOR = YES;
				GCC_WARN_UNINITIALIZED_AUTOS = YES_AGGRESSIVE;
				GCC_WARN_UNUSED_FUNCTION = YES;
				GCC_WARN_UNUSED_VARIABLE = YES;
				IPHONEOS_DEPLOYMENT_TARGET = 16.2;
				MTL_ENABLE_DEBUG_INFO = NO;
				MTL_FAST_MATH = YES;
				SDKROOT = iphoneos;
				SWIFT_COMPILATION_MODE = wholemodule;
				SWIFT_OPTIMIZATION_LEVEL = "-O";
				VALIDATE_PRODUCT = YES;
			};
			name = Release;
		};
		0F8645EE29C8C96700CE161D /* Debug */ = {
			isa = XCBuildConfiguration;
			buildSettings = {
				ALWAYS_EMBED_SWIFT_STANDARD_LIBRARIES = YES;
				BUNDLE_LOADER = "$(TEST_HOST)";
				CODE_SIGN_STYLE = Automatic;
				CURRENT_PROJECT_VERSION = 1;
				GENERATE_INFOPLIST_FILE = YES;
				IPHONEOS_DEPLOYMENT_TARGET = 16.2;
				MARKETING_VERSION = 1.0;
				PRODUCT_BUNDLE_IDENTIFIER = "com.bumorgan.swiftui-marvelTests";
				PRODUCT_NAME = "$(TARGET_NAME)";
				SWIFT_EMIT_LOC_STRINGS = NO;
				SWIFT_VERSION = 5.0;
				TARGETED_DEVICE_FAMILY = "1,2";
				TEST_HOST = "$(BUILT_PRODUCTS_DIR)/swiftui-marvel.app/$(BUNDLE_EXECUTABLE_FOLDER_PATH)/swiftui-marvel";
			};
			name = Debug;
		};
		0F8645EF29C8C96700CE161D /* Release */ = {
			isa = XCBuildConfiguration;
			buildSettings = {
				ALWAYS_EMBED_SWIFT_STANDARD_LIBRARIES = YES;
				BUNDLE_LOADER = "$(TEST_HOST)";
				CODE_SIGN_STYLE = Automatic;
				CURRENT_PROJECT_VERSION = 1;
				GENERATE_INFOPLIST_FILE = YES;
				IPHONEOS_DEPLOYMENT_TARGET = 16.2;
				MARKETING_VERSION = 1.0;
				PRODUCT_BUNDLE_IDENTIFIER = "com.bumorgan.swiftui-marvelTests";
				PRODUCT_NAME = "$(TARGET_NAME)";
				SWIFT_EMIT_LOC_STRINGS = NO;
				SWIFT_VERSION = 5.0;
				TARGETED_DEVICE_FAMILY = "1,2";
				TEST_HOST = "$(BUILT_PRODUCTS_DIR)/swiftui-marvel.app/$(BUNDLE_EXECUTABLE_FOLDER_PATH)/swiftui-marvel";
			};
			name = Release;
		};
		0F8645F129C8C96700CE161D /* Debug */ = {
			isa = XCBuildConfiguration;
			buildSettings = {
				ALWAYS_EMBED_SWIFT_STANDARD_LIBRARIES = YES;
				CODE_SIGN_STYLE = Automatic;
				CURRENT_PROJECT_VERSION = 1;
				GENERATE_INFOPLIST_FILE = YES;
				MARKETING_VERSION = 1.0;
				PRODUCT_BUNDLE_IDENTIFIER = "com.bumorgan.swiftui-marvelUITests";
				PRODUCT_NAME = "$(TARGET_NAME)";
				SWIFT_EMIT_LOC_STRINGS = NO;
				SWIFT_VERSION = 5.0;
				TARGETED_DEVICE_FAMILY = "1,2";
				TEST_TARGET_NAME = "swiftui-marvel";
			};
			name = Debug;
		};
		0F8645F229C8C96700CE161D /* Release */ = {
			isa = XCBuildConfiguration;
			buildSettings = {
				ALWAYS_EMBED_SWIFT_STANDARD_LIBRARIES = YES;
				CODE_SIGN_STYLE = Automatic;
				CURRENT_PROJECT_VERSION = 1;
				GENERATE_INFOPLIST_FILE = YES;
				MARKETING_VERSION = 1.0;
				PRODUCT_BUNDLE_IDENTIFIER = "com.bumorgan.swiftui-marvelUITests";
				PRODUCT_NAME = "$(TARGET_NAME)";
				SWIFT_EMIT_LOC_STRINGS = NO;
				SWIFT_VERSION = 5.0;
				TARGETED_DEVICE_FAMILY = "1,2";
				TEST_TARGET_NAME = "swiftui-marvel";
			};
			name = Release;
		};
		0FC98E1B29DCB7AD005E53EF /* Debug */ = {
			isa = XCBuildConfiguration;
			buildSettings = {
				ASSETCATALOG_COMPILER_APPICON_NAME = AppIcon;
				ASSETCATALOG_COMPILER_GLOBAL_ACCENT_COLOR_NAME = AccentColor;
				CODE_SIGN_STYLE = Automatic;
				CURRENT_PROJECT_VERSION = 1;
				DEVELOPMENT_ASSET_PATHS = "\"WatchApp/Preview Content\"";
				DEVELOPMENT_TEAM = M9TT9FLG87;
				ENABLE_PREVIEWS = YES;
				GENERATE_INFOPLIST_FILE = YES;
				INFOPLIST_FILE = "watch-swiftui-marvel-Watch-App-Info.plist";
				INFOPLIST_KEY_CFBundleDisplayName = "watch-swiftui-marvel";
				INFOPLIST_KEY_UISupportedInterfaceOrientations = "UIInterfaceOrientationPortrait UIInterfaceOrientationPortraitUpsideDown";
				INFOPLIST_KEY_WKCompanionAppBundleIdentifier = "";
				LD_RUNPATH_SEARCH_PATHS = (
					"$(inherited)",
					"@executable_path/Frameworks",
				);
				MARKETING_VERSION = 1.0;
				PRODUCT_BUNDLE_IDENTIFIER = ".watchkitapp.watch-swiftui-marvel";
				PRODUCT_NAME = "$(TARGET_NAME)";
				SDKROOT = watchos;
				SKIP_INSTALL = YES;
				SWIFT_EMIT_LOC_STRINGS = YES;
				SWIFT_VERSION = 5.0;
				TARGETED_DEVICE_FAMILY = 4;
				WATCHOS_DEPLOYMENT_TARGET = 9.1;
			};
			name = Debug;
		};
		0FC98E1C29DCB7AD005E53EF /* Release */ = {
			isa = XCBuildConfiguration;
			buildSettings = {
				ASSETCATALOG_COMPILER_APPICON_NAME = AppIcon;
				ASSETCATALOG_COMPILER_GLOBAL_ACCENT_COLOR_NAME = AccentColor;
				CODE_SIGN_STYLE = Automatic;
				CURRENT_PROJECT_VERSION = 1;
				DEVELOPMENT_ASSET_PATHS = "\"WatchApp/Preview Content\"";
				DEVELOPMENT_TEAM = M9TT9FLG87;
				ENABLE_PREVIEWS = YES;
				GENERATE_INFOPLIST_FILE = YES;
				INFOPLIST_FILE = "watch-swiftui-marvel-Watch-App-Info.plist";
				INFOPLIST_KEY_CFBundleDisplayName = "watch-swiftui-marvel";
				INFOPLIST_KEY_UISupportedInterfaceOrientations = "UIInterfaceOrientationPortrait UIInterfaceOrientationPortraitUpsideDown";
				INFOPLIST_KEY_WKCompanionAppBundleIdentifier = "";
				LD_RUNPATH_SEARCH_PATHS = (
					"$(inherited)",
					"@executable_path/Frameworks",
				);
				MARKETING_VERSION = 1.0;
				PRODUCT_BUNDLE_IDENTIFIER = ".watchkitapp.watch-swiftui-marvel";
				PRODUCT_NAME = "$(TARGET_NAME)";
				SDKROOT = watchos;
				SKIP_INSTALL = YES;
				SWIFT_EMIT_LOC_STRINGS = YES;
				SWIFT_VERSION = 5.0;
				TARGETED_DEVICE_FAMILY = 4;
				WATCHOS_DEPLOYMENT_TARGET = 9.1;
			};
			name = Release;
		};
/* End XCBuildConfiguration section */

/* Begin XCConfigurationList section */
		0F8645C129C8C96700CE161D /* Build configuration list for PBXProject "swiftui-marvel" */ = {
			isa = XCConfigurationList;
			buildConfigurations = (
				0F8645E829C8C96700CE161D /* Debug */,
				0F8645E929C8C96700CE161D /* Release */,
			);
			defaultConfigurationIsVisible = 0;
			defaultConfigurationName = Release;
		};
		0F8645ED29C8C96700CE161D /* Build configuration list for PBXNativeTarget "swiftui-marvelTests" */ = {
			isa = XCConfigurationList;
			buildConfigurations = (
				0F8645EE29C8C96700CE161D /* Debug */,
				0F8645EF29C8C96700CE161D /* Release */,
			);
			defaultConfigurationIsVisible = 0;
			defaultConfigurationName = Release;
		};
		0F8645F029C8C96700CE161D /* Build configuration list for PBXNativeTarget "swiftui-marvelUITests" */ = {
			isa = XCConfigurationList;
			buildConfigurations = (
				0F8645F129C8C96700CE161D /* Debug */,
				0F8645F229C8C96700CE161D /* Release */,
			);
			defaultConfigurationIsVisible = 0;
			defaultConfigurationName = Release;
		};
		0FC98E1D29DCB7AD005E53EF /* Build configuration list for PBXNativeTarget "watch-swiftui-marvel Watch App" */ = {
			isa = XCConfigurationList;
			buildConfigurations = (
				0FC98E1B29DCB7AD005E53EF /* Debug */,
				0FC98E1C29DCB7AD005E53EF /* Release */,
			);
			defaultConfigurationIsVisible = 0;
			defaultConfigurationName = Release;
		};
/* End XCConfigurationList section */
	};
	rootObject = 0F8645BE29C8C96700CE161D /* Project object */;
}
